
Microsoft Visual Studio Solution File, Format Version 12.00
# Visual Studio Version 16
VisualStudioVersion = 16.0.30907.101
MinimumVisualStudioVersion = 10.0.40219.1
Project("{8BC9CEB8-8B4A-11D0-8D11-00A0C91BC942}") = "Lab1", "Lab Random\Lab Random.vcxproj", "{3F3B6A24-7712-4F50-AE6A-67E7DB161146}"
EndProject
Project("{8BC9CEB8-8B4A-11D0-8D11-00A0C91BC942}") = "Lab 2", "Lab 2\Lab 2.vcxproj", "{3456E777-DA39-4E98-A383-E41DA8469CCB}"
EndProject
Project("{8BC9CEB8-8B4A-11D0-8D11-00A0C91BC942}") = "Lab Demo", "Lab Demo\Lab Demo.vcxproj", "{7140AE38-67F5-469D-9954-95DF6670064B}"
EndProject
Project("{8BC9CEB8-8B4A-11D0-8D11-00A0C91BC942}") = "Lab3", "Lab3\Lab3.vcxproj", "{26B0497A-1CB6-4906-BB19-6A57B0CCF677}"
EndProject
Project("{8BC9CEB8-8B4A-11D0-8D11-00A0C91BC942}") = "LabTest 1", "LabTest 1\LabTest 1.vcxproj", "{7FC05020-821A-47E7-8996-6462DBE0AA32}"
EndProject
Project("{8BC9CEB8-8B4A-11D0-8D11-00A0C91BC942}") = "Lab4", "Lab4\Lab4.vcxproj", "{BCA01D53-51A8-4CE7-93BF-E3D55B0048E8}"
EndProject
Project("{8BC9CEB8-8B4A-11D0-8D11-00A0C91BC942}") = "lab4 input", "lab4 input\lab4 input.vcxproj", "{4BBB5275-A414-4FFF-89B2-ACE81A987B45}"
EndProject
Project("{8BC9CEB8-8B4A-11D0-8D11-00A0C91BC942}") = "Lab5", "Lab5\Lab5.vcxproj", "{071C0916-B72F-4F3B-98B5-B03909432469}"
EndProject
Project("{8BC9CEB8-8B4A-11D0-8D11-00A0C91BC942}") = "Assignment 1", "Assignment 1\Assignment 1.vcxproj", "{816B23BA-0473-4687-8CDE-DD36635E4EB1}"
EndProject
Project("{8BC9CEB8-8B4A-11D0-8D11-00A0C91BC942}") = "RockPaperScissors", "RockPaperScissors\RockPaperScissors.vcxproj", "{DA7BB838-89AC-4ADC-BD7F-D7B4C8D8440A}"
EndProject
Project("{8BC9CEB8-8B4A-11D0-8D11-00A0C91BC942}") = "Lab 6", "Lab 6\Lab 6.vcxproj", "{B298AD6B-8BD8-4E0D-9A14-EDC08441EF96}"
EndProject
Global
	GlobalSection(SolutionConfigurationPlatforms) = preSolution
		Debug|x64 = Debug|x64
		Debug|x86 = Debug|x86
		Release|x64 = Release|x64
		Release|x86 = Release|x86
	EndGlobalSection
	GlobalSection(ProjectConfigurationPlatforms) = postSolution
		{3F3B6A24-7712-4F50-AE6A-67E7DB161146}.Debug|x64.ActiveCfg = Debug|x64
		{3F3B6A24-7712-4F50-AE6A-67E7DB161146}.Debug|x64.Build.0 = Debug|x64
		{3F3B6A24-7712-4F50-AE6A-67E7DB161146}.Debug|x86.ActiveCfg = Debug|Win32
		{3F3B6A24-7712-4F50-AE6A-67E7DB161146}.Debug|x86.Build.0 = Debug|Win32
		{3F3B6A24-7712-4F50-AE6A-67E7DB161146}.Release|x64.ActiveCfg = Release|x64
		{3F3B6A24-7712-4F50-AE6A-67E7DB161146}.Release|x64.Build.0 = Release|x64
		{3F3B6A24-7712-4F50-AE6A-67E7DB161146}.Release|x86.ActiveCfg = Release|Win32
		{3F3B6A24-7712-4F50-AE6A-67E7DB161146}.Release|x86.Build.0 = Release|Win32
		{3456E777-DA39-4E98-A383-E41DA8469CCB}.Debug|x64.ActiveCfg = Debug|x64
		{3456E777-DA39-4E98-A383-E41DA8469CCB}.Debug|x64.Build.0 = Debug|x64
		{3456E777-DA39-4E98-A383-E41DA8469CCB}.Debug|x86.ActiveCfg = Debug|Win32
		{3456E777-DA39-4E98-A383-E41DA8469CCB}.Debug|x86.Build.0 = Debug|Win32
		{3456E777-DA39-4E98-A383-E41DA8469CCB}.Release|x64.ActiveCfg = Release|x64
		{3456E777-DA39-4E98-A383-E41DA8469CCB}.Release|x64.Build.0 = Release|x64
		{3456E777-DA39-4E98-A383-E41DA8469CCB}.Release|x86.ActiveCfg = Release|Win32
		{3456E777-DA39-4E98-A383-E41DA8469CCB}.Release|x86.Build.0 = Release|Win32
		{7140AE38-67F5-469D-9954-95DF6670064B}.Debug|x64.ActiveCfg = Debug|x64
		{7140AE38-67F5-469D-9954-95DF6670064B}.Debug|x64.Build.0 = Debug|x64
		{7140AE38-67F5-469D-9954-95DF6670064B}.Debug|x86.ActiveCfg = Debug|Win32
		{7140AE38-67F5-469D-9954-95DF6670064B}.Debug|x86.Build.0 = Debug|Win32
		{7140AE38-67F5-469D-9954-95DF6670064B}.Release|x64.ActiveCfg = Release|x64
		{7140AE38-67F5-469D-9954-95DF6670064B}.Release|x64.Build.0 = Release|x64
		{7140AE38-67F5-469D-9954-95DF6670064B}.Release|x86.ActiveCfg = Release|Win32
		{7140AE38-67F5-469D-9954-95DF6670064B}.Release|x86.Build.0 = Release|Win32
		{26B0497A-1CB6-4906-BB19-6A57B0CCF677}.Debug|x64.ActiveCfg = Debug|x64
		{26B0497A-1CB6-4906-BB19-6A57B0CCF677}.Debug|x64.Build.0 = Debug|x64
		{26B0497A-1CB6-4906-BB19-6A57B0CCF677}.Debug|x86.ActiveCfg = Debug|Win32
		{26B0497A-1CB6-4906-BB19-6A57B0CCF677}.Debug|x86.Build.0 = Debug|Win32
		{26B0497A-1CB6-4906-BB19-6A57B0CCF677}.Release|x64.ActiveCfg = Release|x64
		{26B0497A-1CB6-4906-BB19-6A57B0CCF677}.Release|x64.Build.0 = Release|x64
		{26B0497A-1CB6-4906-BB19-6A57B0CCF677}.Release|x86.ActiveCfg = Release|Win32
		{26B0497A-1CB6-4906-BB19-6A57B0CCF677}.Release|x86.Build.0 = Release|Win32
		{7FC05020-821A-47E7-8996-6462DBE0AA32}.Debug|x64.ActiveCfg = Debug|x64
		{7FC05020-821A-47E7-8996-6462DBE0AA32}.Debug|x64.Build.0 = Debug|x64
		{7FC05020-821A-47E7-8996-6462DBE0AA32}.Debug|x86.ActiveCfg = Debug|Win32
		{7FC05020-821A-47E7-8996-6462DBE0AA32}.Debug|x86.Build.0 = Debug|Win32
		{7FC05020-821A-47E7-8996-6462DBE0AA32}.Release|x64.ActiveCfg = Release|x64
		{7FC05020-821A-47E7-8996-6462DBE0AA32}.Release|x64.Build.0 = Release|x64
		{7FC05020-821A-47E7-8996-6462DBE0AA32}.Release|x86.ActiveCfg = Release|Win32
		{7FC05020-821A-47E7-8996-6462DBE0AA32}.Release|x86.Build.0 = Release|Win32
		{BCA01D53-51A8-4CE7-93BF-E3D55B0048E8}.Debug|x64.ActiveCfg = Debug|x64
		{BCA01D53-51A8-4CE7-93BF-E3D55B0048E8}.Debug|x64.Build.0 = Debug|x64
		{BCA01D53-51A8-4CE7-93BF-E3D55B0048E8}.Debug|x86.ActiveCfg = Debug|Win32
		{BCA01D53-51A8-4CE7-93BF-E3D55B0048E8}.Debug|x86.Build.0 = Debug|Win32
		{BCA01D53-51A8-4CE7-93BF-E3D55B0048E8}.Release|x64.ActiveCfg = Release|x64
		{BCA01D53-51A8-4CE7-93BF-E3D55B0048E8}.Release|x64.Build.0 = Release|x64
		{BCA01D53-51A8-4CE7-93BF-E3D55B0048E8}.Release|x86.ActiveCfg = Release|Win32
		{BCA01D53-51A8-4CE7-93BF-E3D55B0048E8}.Release|x86.Build.0 = Release|Win32
		{4BBB5275-A414-4FFF-89B2-ACE81A987B45}.Debug|x64.ActiveCfg = Debug|x64
		{4BBB5275-A414-4FFF-89B2-ACE81A987B45}.Debug|x64.Build.0 = Debug|x64
		{4BBB5275-A414-4FFF-89B2-ACE81A987B45}.Debug|x86.ActiveCfg = Debug|Win32
		{4BBB5275-A414-4FFF-89B2-ACE81A987B45}.Debug|x86.Build.0 = Debug|Win32
		{4BBB5275-A414-4FFF-89B2-ACE81A987B45}.Release|x64.ActiveCfg = Release|x64
		{4BBB5275-A414-4FFF-89B2-ACE81A987B45}.Release|x64.Build.0 = Release|x64
		{4BBB5275-A414-4FFF-89B2-ACE81A987B45}.Release|x86.ActiveCfg = Release|Win32
		{4BBB5275-A414-4FFF-89B2-ACE81A987B45}.Release|x86.Build.0 = Release|Win32
		{071C0916-B72F-4F3B-98B5-B03909432469}.Debug|x64.ActiveCfg = Debug|x64
		{071C0916-B72F-4F3B-98B5-B03909432469}.Debug|x64.Build.0 = Debug|x64
		{071C0916-B72F-4F3B-98B5-B03909432469}.Debug|x86.ActiveCfg = Debug|Win32
		{071C0916-B72F-4F3B-98B5-B03909432469}.Debug|x86.Build.0 = Debug|Win32
		{071C0916-B72F-4F3B-98B5-B03909432469}.Release|x64.ActiveCfg = Release|x64
		{071C0916-B72F-4F3B-98B5-B03909432469}.Release|x64.Build.0 = Release|x64
		{071C0916-B72F-4F3B-98B5-B03909432469}.Release|x86.ActiveCfg = Release|Win32
		{071C0916-B72F-4F3B-98B5-B03909432469}.Release|x86.Build.0 = Release|Win32
		{816B23BA-0473-4687-8CDE-DD36635E4EB1}.Debug|x64.ActiveCfg = Debug|x64
		{816B23BA-0473-4687-8CDE-DD36635E4EB1}.Debug|x64.Build.0 = Debug|x64
		{816B23BA-0473-4687-8CDE-DD36635E4EB1}.Debug|x86.ActiveCfg = Debug|Win32
		{816B23BA-0473-4687-8CDE-DD36635E4EB1}.Debug|x86.Build.0 = Debug|Win32
		{816B23BA-0473-4687-8CDE-DD36635E4EB1}.Release|x64.ActiveCfg = Release|x64
		{816B23BA-0473-4687-8CDE-DD36635E4EB1}.Release|x64.Build.0 = Release|x64
		{816B23BA-0473-4687-8CDE-DD36635E4EB1}.Release|x86.ActiveCfg = Release|Win32
		{816B23BA-0473-4687-8CDE-DD36635E4EB1}.Release|x86.Build.0 = Release|Win32
		{DA7BB838-89AC-4ADC-BD7F-D7B4C8D8440A}.Debug|x64.ActiveCfg = Debug|x64
		{DA7BB838-89AC-4ADC-BD7F-D7B4C8D8440A}.Debug|x64.Build.0 = Debug|x64
		{DA7BB838-89AC-4ADC-BD7F-D7B4C8D8440A}.Debug|x86.ActiveCfg = Debug|Win32
		{DA7BB838-89AC-4ADC-BD7F-D7B4C8D8440A}.Debug|x86.Build.0 = Debug|Win32
		{DA7BB838-89AC-4ADC-BD7F-D7B4C8D8440A}.Release|x64.ActiveCfg = Release|x64
		{DA7BB838-89AC-4ADC-BD7F-D7B4C8D8440A}.Release|x64.Build.0 = Release|x64
		{DA7BB838-89AC-4ADC-BD7F-D7B4C8D8440A}.Release|x86.ActiveCfg = Release|Win32
		{DA7BB838-89AC-4ADC-BD7F-D7B4C8D8440A}.Release|x86.Build.0 = Release|Win32
		{B298AD6B-8BD8-4E0D-9A14-EDC08441EF96}.Debug|x64.ActiveCfg = Debug|x64
		{B298AD6B-8BD8-4E0D-9A14-EDC08441EF96}.Debug|x64.Build.0 = Debug|x64
		{B298AD6B-8BD8-4E0D-9A14-EDC08441EF96}.Debug|x86.ActiveCfg = Debug|Win32
		{B298AD6B-8BD8-4E0D-9A14-EDC08441EF96}.Debug|x86.Build.0 = Debug|Win32
		{B298AD6B-8BD8-4E0D-9A14-EDC08441EF96}.Release|x64.ActiveCfg = Release|x64
		{B298AD6B-8BD8-4E0D-9A14-EDC08441EF96}.Release|x64.Build.0 = Release|x64
		{B298AD6B-8BD8-4E0D-9A14-EDC08441EF96}.Release|x86.ActiveCfg = Release|Win32
		{B298AD6B-8BD8-4E0D-9A14-EDC08441EF96}.Release|x86.Build.0 = Release|Win32
	EndGlobalSection
	GlobalSection(SolutionProperties) = preSolution
		HideSolutionNode = FALSE
	EndGlobalSection
	GlobalSection(ExtensibilityGlobals) = postSolution
		SolutionGuid = {C4831159-F07E-4B2E-8064-7FA0EF884200}
	EndGlobalSection
EndGlobal
